Microsoft Visual Studio Solution File, Format Version 11.00
# Visual Studio 2010
Project("{FAE04EC0-301F-11D3-BF4B-00C04F79EFBC}") = "Assembly-CSharp", "Assembly-CSharp.csproj", "{BC3EEA6B-2A6D-A6B6-E9B6-B86B1108B7E5}"
EndProject
Project("{FAE04EC0-301F-11D3-BF4B-00C04F79EFBC}") = "Assembly-CSharp-Editor", "Assembly-CSharp-Editor.csproj", "{0FD5653D-A0C2-FD41-54CD-0161787A21E2}"
EndProject
Global
	GlobalSection(SolutionConfigurationPlatforms) = preSolution
		Debug|Any CPU = Debug|Any CPU
		Release|Any CPU = Release|Any CPU
	EndGlobalSection
	GlobalSection(ProjectConfigurationPlatforms) = postSolution
		{BC3EEA6B-2A6D-A6B6-E9B6-B86B1108B7E5}.Debug|Any CPU.ActiveCfg = Debug|Any CPU
		{BC3EEA6B-2A6D-A6B6-E9B6-B86B1108B7E5}.Debug|Any CPU.Build.0 = Debug|Any CPU
		{BC3EEA6B-2A6D-A6B6-E9B6-B86B1108B7E5}.Release|Any CPU.ActiveCfg = Release|Any CPU
		{BC3EEA6B-2A6D-A6B6-E9B6-B86B1108B7E5}.Release|Any CPU.Build.0 = Release|Any CPU
		{0FD5653D-A0C2-FD41-54CD-0161787A21E2}.Debug|Any CPU.ActiveCfg = Debug|Any CPU
		{0FD5653D-A0C2-FD41-54CD-0161787A21E2}.Debug|Any CPU.Build.0 = Debug|Any CPU
		{0FD5653D-A0C2-FD41-54CD-0161787A21E2}.Release|Any CPU.ActiveCfg = Release|Any CPU
		{0FD5653D-A0C2-FD41-54CD-0161787A21E2}.Release|Any CPU.Build.0 = Release|Any CPU
	EndGlobalSection
	GlobalSection(MonoDevelopProperties) = preSolution
		StartupItem = Assembly-CSharp.csproj
		HideSolutionNode = FALSE
	EndGlobalSection
EndGlobal
